// !$*UTF8*$!
{
	archiveVersion = 1;
	classes = {
	};
	objectVersion = 50;
	objects = {

/* Begin PBXBuildFile section */
		23DFA6E9382F344310012E8D /* libPods-MapPinTests.a in Frameworks */ = {isa = PBXBuildFile; fileRef = 713F6DBC09AF005853D0034C /* libPods-MapPinTests.a */; };
		2F12D5858F82BF5CFCF762AC /* libPods-MapPin.a in Frameworks */ = {isa = PBXBuildFile; fileRef = B433C465328C8ED1FC9C791A /* libPods-MapPin.a */; };
		A22F6FA621C97978004076C7 /* MapPin.framework in Frameworks */ = {isa = PBXBuildFile; fileRef = A22F6F9C21C97978004076C7 /* MapPin.framework */; };
		A22F6FAD21C97978004076C7 /* MapPin.h in Headers */ = {isa = PBXBuildFile; fileRef = A22F6F9F21C97978004076C7 /* MapPin.h */; settings = {ATTRIBUTES = (Public, ); }; };
		A2AC03DE21C97E5E00024A7D /* Pin.storyboard in Resources */ = {isa = PBXBuildFile; fileRef = A2AC03DD21C97E5E00024A7D /* Pin.storyboard */; };
		A2AC03E021C97E7A00024A7D /* PinViewController.swift in Sources */ = {isa = PBXBuildFile; fileRef = A2AC03DF21C97E7A00024A7D /* PinViewController.swift */; };
		A2AC03E621C982D900024A7D /* UIImageView+Extention.swift in Sources */ = {isa = PBXBuildFile; fileRef = A2AC03E521C982D900024A7D /* UIImageView+Extention.swift */; };
		A2AC03E821C9849200024A7D /* MapPinManager.swift in Sources */ = {isa = PBXBuildFile; fileRef = A2AC03E721C9849200024A7D /* MapPinManager.swift */; };
		A2AC03EA21C985C800024A7D /* MapPinManagerProtocol.swift in Sources */ = {isa = PBXBuildFile; fileRef = A2AC03E921C985C800024A7D /* MapPinManagerProtocol.swift */; };
		A2AC03EE21C99F9200024A7D /* MapPinConstants.swift in Sources */ = {isa = PBXBuildFile; fileRef = A2AC03ED21C99F9200024A7D /* MapPinConstants.swift */; };
		A2AC03F021C9A17600024A7D /* MapPinManagerTests.swift in Sources */ = {isa = PBXBuildFile; fileRef = A2AC03EF21C9A17600024A7D /* MapPinManagerTests.swift */; };
		A2AC03F321C9A43600024A7D /* MapPin.jpg in Resources */ = {isa = PBXBuildFile; fileRef = A2AC03F121C9A43600024A7D /* MapPin.jpg */; };
		A2AC03F421C9A43600024A7D /* IconImage.png in Resources */ = {isa = PBXBuildFile; fileRef = A2AC03F221C9A43600024A7D /* IconImage.png */; };
/* End PBXBuildFile section */

/* Begin PBXContainerItemProxy section */
		A22F6FA721C97978004076C7 /* PBXContainerItemProxy */ = {
			isa = PBXContainerItemProxy;
			containerPortal = A22F6F9321C97978004076C7 /* Project object */;
			proxyType = 1;
			remoteGlobalIDString = A22F6F9B21C97978004076C7;
			remoteInfo = MapPin;
		};
/* End PBXContainerItemProxy section */

/* Begin PBXFileReference section */
		713F6DBC09AF005853D0034C /* libPods-MapPinTests.a */ = {isa = PBXFileReference; explicitFileType = archive.ar; includeInIndex = 0; path = "libPods-MapPinTests.a"; sourceTree = BUILT_PRODUCTS_DIR; };
		74B77EE2867AECCC4F16865F /* Pods-MapPinTests.debug.xcconfig */ = {isa = PBXFileReference; includeInIndex = 1; lastKnownFileType = text.xcconfig; name = "Pods-MapPinTests.debug.xcconfig"; path = "Pods/Target Support Files/Pods-MapPinTests/Pods-MapPinTests.debug.xcconfig"; sourceTree = "<group>"; };
		A22F6F9C21C97978004076C7 /* MapPin.framework */ = {isa = PBXFileReference; explicitFileType = wrapper.framework; includeInIndex = 0; path = MapPin.framework; sourceTree = BUILT_PRODUCTS_DIR; };
		A22F6F9F21C97978004076C7 /* MapPin.h */ = {isa = PBXFileReference; lastKnownFileType = sourcecode.c.h; path = MapPin.h; sourceTree = "<group>"; };
		A22F6FA021C97978004076C7 /* Info.plist */ = {isa = PBXFileReference; lastKnownFileType = text.plist.xml; path = Info.plist; sourceTree = "<group>"; };
		A22F6FA521C97978004076C7 /* MapPinTests.xctest */ = {isa = PBXFileReference; explicitFileType = wrapper.cfbundle; includeInIndex = 0; path = MapPinTests.xctest; sourceTree = BUILT_PRODUCTS_DIR; };
		A22F6FAC21C97978004076C7 /* Info.plist */ = {isa = PBXFileReference; lastKnownFileType = text.plist.xml; path = Info.plist; sourceTree = "<group>"; };
		A2AC03DD21C97E5E00024A7D /* Pin.storyboard */ = {isa = PBXFileReference; lastKnownFileType = file.storyboard; path = Pin.storyboard; sourceTree = "<group>"; };
		A2AC03DF21C97E7A00024A7D /* PinViewController.swift */ = {isa = PBXFileReference; lastKnownFileType = sourcecode.swift; path = PinViewController.swift; sourceTree = "<group>"; };
		A2AC03E521C982D900024A7D /* UIImageView+Extention.swift */ = {isa = PBXFileReference; lastKnownFileType = sourcecode.swift; path = "UIImageView+Extention.swift"; sourceTree = "<group>"; };
		A2AC03E721C9849200024A7D /* MapPinManager.swift */ = {isa = PBXFileReference; lastKnownFileType = sourcecode.swift; path = MapPinManager.swift; sourceTree = "<group>"; };
		A2AC03E921C985C800024A7D /* MapPinManagerProtocol.swift */ = {isa = PBXFileReference; lastKnownFileType = sourcecode.swift; path = MapPinManagerProtocol.swift; sourceTree = "<group>"; };
		A2AC03ED21C99F9200024A7D /* MapPinConstants.swift */ = {isa = PBXFileReference; lastKnownFileType = sourcecode.swift; path = MapPinConstants.swift; sourceTree = "<group>"; };
		A2AC03EF21C9A17600024A7D /* MapPinManagerTests.swift */ = {isa = PBXFileReference; lastKnownFileType = sourcecode.swift; path = MapPinManagerTests.swift; sourceTree = "<group>"; };
		A2AC03F121C9A43600024A7D /* MapPin.jpg */ = {isa = PBXFileReference; lastKnownFileType = image.jpeg; path = MapPin.jpg; sourceTree = "<group>"; };
		A2AC03F221C9A43600024A7D /* IconImage.png */ = {isa = PBXFileReference; lastKnownFileType = image.png; path = IconImage.png; sourceTree = "<group>"; };
		B433C465328C8ED1FC9C791A /* libPods-MapPin.a */ = {isa = PBXFileReference; explicitFileType = archive.ar; includeInIndex = 0; path = "libPods-MapPin.a"; sourceTree = BUILT_PRODUCTS_DIR; };
		BC60A4D42BD91A3AF0396F6A /* Pods-MapPin.release.xcconfig */ = {isa = PBXFileReference; includeInIndex = 1; lastKnownFileType = text.xcconfig; name = "Pods-MapPin.release.xcconfig"; path = "Pods/Target Support Files/Pods-MapPin/Pods-MapPin.release.xcconfig"; sourceTree = "<group>"; };
		C1B20CB36A6A9659D16395E0 /* Pods-MapPin.debug.xcconfig */ = {isa = PBXFileReference; includeInIndex = 1; lastKnownFileType = text.xcconfig; name = "Pods-MapPin.debug.xcconfig"; path = "Pods/Target Support Files/Pods-MapPin/Pods-MapPin.debug.xcconfig"; sourceTree = "<group>"; };
		E30A1FE58A42651799CBC412 /* Pods-MapPinTests.release.xcconfig */ = {isa = PBXFileReference; includeInIndex = 1; lastKnownFileType = text.xcconfig; name = "Pods-MapPinTests.release.xcconfig"; path = "Pods/Target Support Files/Pods-MapPinTests/Pods-MapPinTests.release.xcconfig"; sourceTree = "<group>"; };
/* End PBXFileReference section */

/* Begin PBXFrameworksBuildPhase section */
		A22F6F9921C97978004076C7 /* Frameworks */ = {
			isa = PBXFrameworksBuildPhase;
			buildActionMask = 2147483647;
			files = (
				2F12D5858F82BF5CFCF762AC /* libPods-MapPin.a in Frameworks */,
			);
			runOnlyForDeploymentPostprocessing = 0;
		};
		A22F6FA221C97978004076C7 /* Frameworks */ = {
			isa = PBXFrameworksBuildPhase;
			buildActionMask = 2147483647;
			files = (
				A22F6FA621C97978004076C7 /* MapPin.framework in Frameworks */,
				23DFA6E9382F344310012E8D /* libPods-MapPinTests.a in Frameworks */,
			);
			runOnlyForDeploymentPostprocessing = 0;
		};
/* End PBXFrameworksBuildPhase section */

/* Begin PBXGroup section */
		2765D1732F6DE249D461CB0C /* Pods */ = {
			isa = PBXGroup;
			children = (
				C1B20CB36A6A9659D16395E0 /* Pods-MapPin.debug.xcconfig */,
				BC60A4D42BD91A3AF0396F6A /* Pods-MapPin.release.xcconfig */,
				74B77EE2867AECCC4F16865F /* Pods-MapPinTests.debug.xcconfig */,
				E30A1FE58A42651799CBC412 /* Pods-MapPinTests.release.xcconfig */,
			);
			name = Pods;
			sourceTree = "<group>";
		};
		83F4F9DF1C7EABA7E3E50611 /* Frameworks */ = {
			isa = PBXGroup;
			children = (
				B433C465328C8ED1FC9C791A /* libPods-MapPin.a */,
				713F6DBC09AF005853D0034C /* libPods-MapPinTests.a */,
			);
			name = Frameworks;
			sourceTree = "<group>";
		};
		A22F6F9221C97978004076C7 = {
			isa = PBXGroup;
			children = (
				A22F6F9E21C97978004076C7 /* MapPin */,
				A22F6FA921C97978004076C7 /* MapPinTests */,
				A22F6F9D21C97978004076C7 /* Products */,
				2765D1732F6DE249D461CB0C /* Pods */,
				83F4F9DF1C7EABA7E3E50611 /* Frameworks */,
			);
			sourceTree = "<group>";
		};
		A22F6F9D21C97978004076C7 /* Products */ = {
			isa = PBXGroup;
			children = (
				A22F6F9C21C97978004076C7 /* MapPin.framework */,
				A22F6FA521C97978004076C7 /* MapPinTests.xctest */,
			);
			name = Products;
			sourceTree = "<group>";
		};
		A22F6F9E21C97978004076C7 /* MapPin */ = {
			isa = PBXGroup;
			children = (
				A2AC03E421C982BE00024A7D /* Helper */,
				A2AC03D921C97C5400024A7D /* Manager */,
				A2AC03D821C97C2600024A7D /* View */,
				A22F6F9F21C97978004076C7 /* MapPin.h */,
				A22F6FA021C97978004076C7 /* Info.plist */,
			);
			path = MapPin;
			sourceTree = "<group>";
		};
		A22F6FA921C97978004076C7 /* MapPinTests */ = {
			isa = PBXGroup;
			children = (
				A2AC03F221C9A43600024A7D /* IconImage.png */,
				A2AC03F121C9A43600024A7D /* MapPin.jpg */,
				A22F6FAC21C97978004076C7 /* Info.plist */,
				A2AC03EF21C9A17600024A7D /* MapPinManagerTests.swift */,
			);
			path = MapPinTests;
			sourceTree = "<group>";
		};
		A2AC03D821C97C2600024A7D /* View */ = {
			isa = PBXGroup;
			children = (
				A2AC03DD21C97E5E00024A7D /* Pin.storyboard */,
				A2AC03DF21C97E7A00024A7D /* PinViewController.swift */,
			);
			path = View;
			sourceTree = "<group>";
		};
		A2AC03D921C97C5400024A7D /* Manager */ = {
			isa = PBXGroup;
			children = (
				A2AC03E721C9849200024A7D /* MapPinManager.swift */,
				A2AC03E921C985C800024A7D /* MapPinManagerProtocol.swift */,
			);
			path = Manager;
			sourceTree = "<group>";
		};
		A2AC03E421C982BE00024A7D /* Helper */ = {
			isa = PBXGroup;
			children = (
				A2AC03E521C982D900024A7D /* UIImageView+Extention.swift */,
				A2AC03ED21C99F9200024A7D /* MapPinConstants.swift */,
			);
			path = Helper;
			sourceTree = "<group>";
		};
/* End PBXGroup section */

/* Begin PBXHeadersBuildPhase section */
		A22F6F9721C97978004076C7 /* Headers */ = {
			isa = PBXHeadersBuildPhase;
			buildActionMask = 2147483647;
			files = (
				A22F6FAD21C97978004076C7 /* MapPin.h in Headers */,
			);
			runOnlyForDeploymentPostprocessing = 0;
		};
/* End PBXHeadersBuildPhase section */

/* Begin PBXNativeTarget section */
		A22F6F9B21C97978004076C7 /* MapPin */ = {
			isa = PBXNativeTarget;
			buildConfigurationList = A22F6FB021C97978004076C7 /* Build configuration list for PBXNativeTarget "MapPin" */;
			buildPhases = (
				1D329352FC2BA06C0A8212F3 /* [CP] Check Pods Manifest.lock */,
				A22F6F9721C97978004076C7 /* Headers */,
				A22F6F9821C97978004076C7 /* Sources */,
				A22F6F9921C97978004076C7 /* Frameworks */,
				A22F6F9A21C97978004076C7 /* Resources */,
			);
			buildRules = (
			);
			dependencies = (
			);
			name = MapPin;
			productName = MapPin;
			productReference = A22F6F9C21C97978004076C7 /* MapPin.framework */;
			productType = "com.apple.product-type.framework";
		};
		A22F6FA421C97978004076C7 /* MapPinTests */ = {
			isa = PBXNativeTarget;
			buildConfigurationList = A22F6FB321C97978004076C7 /* Build configuration list for PBXNativeTarget "MapPinTests" */;
			buildPhases = (
				6FDC3955E8E07712AFE5F857 /* [CP] Check Pods Manifest.lock */,
				A22F6FA121C97978004076C7 /* Sources */,
				A22F6FA221C97978004076C7 /* Frameworks */,
				A22F6FA321C97978004076C7 /* Resources */,
			);
			buildRules = (
			);
			dependencies = (
				A22F6FA821C97978004076C7 /* PBXTargetDependency */,
			);
			name = MapPinTests;
			productName = MapPinTests;
			productReference = A22F6FA521C97978004076C7 /* MapPinTests.xctest */;
			productType = "com.apple.product-type.bundle.unit-test";
		};
/* End PBXNativeTarget section */

/* Begin PBXProject section */
		A22F6F9321C97978004076C7 /* Project object */ = {
			isa = PBXProject;
			attributes = {
				LastSwiftUpdateCheck = 1010;
				LastUpgradeCheck = 1010;
				ORGANIZATIONNAME = "Hiral Naik";
				TargetAttributes = {
					A22F6F9B21C97978004076C7 = {
						CreatedOnToolsVersion = 10.1;
						LastSwiftMigration = 1010;
					};
					A22F6FA421C97978004076C7 = {
						CreatedOnToolsVersion = 10.1;
						LastSwiftMigration = 1010;
					};
				};
			};
			buildConfigurationList = A22F6F9621C97978004076C7 /* Build configuration list for PBXProject "MapPin" */;
			compatibilityVersion = "Xcode 9.3";
			developmentRegion = en;
			hasScannedForEncodings = 0;
			knownRegions = (
				en,
			);
			mainGroup = A22F6F9221C97978004076C7;
			productRefGroup = A22F6F9D21C97978004076C7 /* Products */;
			projectDirPath = "";
			projectRoot = "";
			targets = (
				A22F6F9B21C97978004076C7 /* MapPin */,
				A22F6FA421C97978004076C7 /* MapPinTests */,
			);
		};
/* End PBXProject section */

/* Begin PBXResourcesBuildPhase section */
		A22F6F9A21C97978004076C7 /* Resources */ = {
			isa = PBXResourcesBuildPhase;
			buildActionMask = 2147483647;
			files = (
				A2AC03DE21C97E5E00024A7D /* Pin.storyboard in Resources */,
			);
			runOnlyForDeploymentPostprocessing = 0;
		};
		A22F6FA321C97978004076C7 /* Resources */ = {
			isa = PBXResourcesBuildPhase;
			buildActionMask = 2147483647;
			files = (
				A2AC03F421C9A43600024A7D /* IconImage.png in Resources */,
				A2AC03F321C9A43600024A7D /* MapPin.jpg in Resources */,
			);
			runOnlyForDeploymentPostprocessing = 0;
		};
/* End PBXResourcesBuildPhase section */

/* Begin PBXShellScriptBuildPhase section */
		1D329352FC2BA06C0A8212F3 /* [CP] Check Pods Manifest.lock */ = {
			isa = PBXShellScriptBuildPhase;
			buildActionMask = 2147483647;
			files = (
			);
			inputFileListPaths = (
			);
			inputPaths = (
				"${PODS_PODFILE_DIR_PATH}/Podfile.lock",
				"${PODS_ROOT}/Manifest.lock",
			);
			name = "[CP] Check Pods Manifest.lock";
			outputFileListPaths = (
			);
			outputPaths = (
				"$(DERIVED_FILE_DIR)/Pods-MapPin-checkManifestLockResult.txt",
			);
			runOnlyForDeploymentPostprocessing = 0;
			shellPath = /bin/sh;
			shellScript = "diff \"${PODS_PODFILE_DIR_PATH}/Podfile.lock\" \"${PODS_ROOT}/Manifest.lock\" > /dev/null\nif [ $? != 0 ] ; then\n    # print error to STDERR\n    echo \"error: The sandbox is not in sync with the Podfile.lock. Run 'pod install' or update your CocoaPods installation.\" >&2\n    exit 1\nfi\n# This output is used by Xcode 'outputs' to avoid re-running this script phase.\necho \"SUCCESS\" > \"${SCRIPT_OUTPUT_FILE_0}\"\n";
			showEnvVarsInLog = 0;
		};
		6FDC3955E8E07712AFE5F857 /* [CP] Check Pods Manifest.lock */ = {
			isa = PBXShellScriptBuildPhase;
			buildActionMask = 2147483647;
			files = (
			);
			inputFileListPaths = (
			);
			inputPaths = (
				"${PODS_PODFILE_DIR_PATH}/Podfile.lock",
				"${PODS_ROOT}/Manifest.lock",
			);
			name = "[CP] Check Pods Manifest.lock";
			outputFileListPaths = (
			);
			outputPaths = (
				"$(DERIVED_FILE_DIR)/Pods-MapPinTests-checkManifestLockResult.txt",
			);
			runOnlyForDeploymentPostprocessing = 0;
			shellPath = /bin/sh;
			shellScript = "diff \"${PODS_PODFILE_DIR_PATH}/Podfile.lock\" \"${PODS_ROOT}/Manifest.lock\" > /dev/null\nif [ $? != 0 ] ; then\n    # print error to STDERR\n    echo \"error: The sandbox is not in sync with the Podfile.lock. Run 'pod install' or update your CocoaPods installation.\" >&2\n    exit 1\nfi\n# This output is used by Xcode 'outputs' to avoid re-running this script phase.\necho \"SUCCESS\" > \"${SCRIPT_OUTPUT_FILE_0}\"\n";
			showEnvVarsInLog = 0;
		};
/* End PBXShellScriptBuildPhase section */

/* Begin PBXSourcesBuildPhase section */
		A22F6F9821C97978004076C7 /* Sources */ = {
			isa = PBXSourcesBuildPhase;
			buildActionMask = 2147483647;
			files = (
				A2AC03EA21C985C800024A7D /* MapPinManagerProtocol.swift in Sources */,
				A2AC03E821C9849200024A7D /* MapPinManager.swift in Sources */,
				A2AC03E021C97E7A00024A7D /* PinViewController.swift in Sources */,
				A2AC03E621C982D900024A7D /* UIImageView+Extention.swift in Sources */,
				A2AC03EE21C99F9200024A7D /* MapPinConstants.swift in Sources */,
			);
			runOnlyForDeploymentPostprocessing = 0;
		};
		A22F6FA121C97978004076C7 /* Sources */ = {
			isa = PBXSourcesBuildPhase;
			buildActionMask = 2147483647;
			files = (
				A2AC03F021C9A17600024A7D /* MapPinManagerTests.swift in Sources */,
			);
			runOnlyForDeploymentPostprocessing = 0;
		};
/* End PBXSourcesBuildPhase section */

/* Begin PBXTargetDependency section */
		A22F6FA821C97978004076C7 /* PBXTargetDependency */ = {
			isa = PBXTargetDependency;
			target = A22F6F9B21C97978004076C7 /* MapPin */;
			targetProxy = A22F6FA721C97978004076C7 /* PBXContainerItemProxy */;
		};
/* End PBXTargetDependency section */

/* Begin XCBuildConfiguration section */
		A22F6FAE21C97978004076C7 /* Debug */ = {
			isa = XCBuildConfiguration;
			buildSettings = {
				ALWAYS_SEARCH_USER_PATHS = NO;
				CLANG_ANALYZER_NONNULL = YES;
				CLANG_ANALYZER_NUMBER_OBJECT_CONVERSION = YES_AGGRESSIVE;
				CLANG_CXX_LANGUAGE_STANDARD = "gnu++14";
				CLANG_CXX_LIBRARY = "libc++";
				CLANG_ENABLE_MODULES = YES;
				CLANG_ENABLE_OBJC_ARC = YES;
				CLANG_ENABLE_OBJC_WEAK = YES;
				CLANG_WARN_BLOCK_CAPTURE_AUTORELEASING = YES;
				CLANG_WARN_BOOL_CONVERSION = YES;
				CLANG_WARN_COMMA = YES;
				CLANG_WARN_CONSTANT_CONVERSION = YES;
				CLANG_WARN_DEPRECATED_OBJC_IMPLEMENTATIONS = YES;
				CLANG_WARN_DIRECT_OBJC_ISA_USAGE = YES_ERROR;
				CLANG_WARN_DOCUMENTATION_COMMENTS = YES;
				CLANG_WARN_EMPTY_BODY = YES;
				CLANG_WARN_ENUM_CONVERSION = YES;
				CLANG_WARN_INFINITE_RECURSION = YES;
				CLANG_WARN_INT_CONVERSION = YES;
				CLANG_WARN_NON_LITERAL_NULL_CONVERSION = YES;
				CLANG_WARN_OBJC_IMPLICIT_RETAIN_SELF = YES;
				CLANG_WARN_OBJC_LITERAL_CONVERSION = YES;
				CLANG_WARN_OBJC_ROOT_CLASS = YES_ERROR;
				CLANG_WARN_RANGE_LOOP_ANALYSIS = YES;
				CLANG_WARN_STRICT_PROTOTYPES = YES;
				CLANG_WARN_SUSPICIOUS_MOVE = YES;
				CLANG_WARN_UNGUARDED_AVAILABILITY = YES_AGGRESSIVE;
				CLANG_WARN_UNREACHABLE_CODE = YES;
				CLANG_WARN__DUPLICATE_METHOD_MATCH = YES;
				CODE_SIGN_IDENTITY = "iPhone Developer";
				COPY_PHASE_STRIP = NO;
				CURRENT_PROJECT_VERSION = 1;
				DEBUG_INFORMATION_FORMAT = dwarf;
				ENABLE_STRICT_OBJC_MSGSEND = YES;
				ENABLE_TESTABILITY = YES;
				GCC_C_LANGUAGE_STANDARD = gnu11;
				GCC_DYNAMIC_NO_PIC = NO;
				GCC_NO_COMMON_BLOCKS = YES;
				GCC_OPTIMIZATION_LEVEL = 0;
				GCC_PREPROCESSOR_DEFINITIONS = (
					"DEBUG=1",
					"$(inherited)",
				);
				GCC_WARN_64_TO_32_BIT_CONVERSION = YES;
				GCC_WARN_ABOUT_RETURN_TYPE = YES_ERROR;
				GCC_WARN_UNDECLARED_SELECTOR = YES;
				GCC_WARN_UNINITIALIZED_AUTOS = YES_AGGRESSIVE;
				GCC_WARN_UNUSED_FUNCTION = YES;
				GCC_WARN_UNUSED_VARIABLE = YES;
				IPHONEOS_DEPLOYMENT_TARGET = 12.1;
				MTL_ENABLE_DEBUG_INFO = INCLUDE_SOURCE;
				MTL_FAST_MATH = YES;
				ONLY_ACTIVE_ARCH = YES;
				SDKROOT = iphoneos;
				SWIFT_ACTIVE_COMPILATION_CONDITIONS = DEBUG;
				SWIFT_OPTIMIZATION_LEVEL = "-Onone";
				VERSIONING_SYSTEM = "apple-generic";
				VERSION_INFO_PREFIX = "";
			};
			name = Debug;
		};
		A22F6FAF21C97978004076C7 /* Release */ = {
			isa = XCBuildConfiguration;
			buildSettings = {
				ALWAYS_SEARCH_USER_PATHS = NO;
				CLANG_ANALYZER_NONNULL = YES;
				CLANG_ANALYZER_NUMBER_OBJECT_CONVERSION = YES_AGGRESSIVE;
				CLANG_CXX_LANGUAGE_STANDARD = "gnu++14";
				CLANG_CXX_LIBRARY = "libc++";
				CLANG_ENABLE_MODULES = YES;
				CLANG_ENABLE_OBJC_ARC = YES;
				CLANG_ENABLE_OBJC_WEAK = YES;
				CLANG_WARN_BLOCK_CAPTURE_AUTORELEASING = YES;
				CLANG_WARN_BOOL_CONVERSION = YES;
				CLANG_WARN_COMMA = YES;
				CLANG_WARN_CONSTANT_CONVERSION = YES;
				CLANG_WARN_DEPRECATED_OBJC_IMPLEMENTATIONS = YES;
				CLANG_WARN_DIRECT_OBJC_ISA_USAGE = YES_ERROR;
				CLANG_WARN_DOCUMENTATION_COMMENTS = YES;
				CLANG_WARN_EMPTY_BODY = YES;
				CLANG_WARN_ENUM_CONVERSION = YES;
				CLANG_WARN_INFINITE_RECURSION = YES;
				CLANG_WARN_INT_CONVERSION = YES;
				CLANG_WARN_NON_LITERAL_NULL_CONVERSION = YES;
				CLANG_WARN_OBJC_IMPLICIT_RETAIN_SELF = YES;
				CLANG_WARN_OBJC_LITERAL_CONVERSION = YES;
				CLANG_WARN_OBJC_ROOT_CLASS = YES_ERROR;
				CLANG_WARN_RANGE_LOOP_ANALYSIS = YES;
				CLANG_WARN_STRICT_PROTOTYPES = YES;
				CLANG_WARN_SUSPICIOUS_MOVE = YES;
				CLANG_WARN_UNGUARDED_AVAILABILITY = YES_AGGRESSIVE;
				CLANG_WARN_UNREACHABLE_CODE = YES;
				CLANG_WARN__DUPLICATE_METHOD_MATCH = YES;
				CODE_SIGN_IDENTITY = "iPhone Developer";
				COPY_PHASE_STRIP = NO;
				CURRENT_PROJECT_VERSION = 1;
				DEBUG_INFORMATION_FORMAT = "dwarf-with-dsym";
				ENABLE_NS_ASSERTIONS = NO;
				ENABLE_STRICT_OBJC_MSGSEND = YES;
				GCC_C_LANGUAGE_STANDARD = gnu11;
				GCC_NO_COMMON_BLOCKS = YES;
				GCC_WARN_64_TO_32_BIT_CONVERSION = YES;
				GCC_WARN_ABOUT_RETURN_TYPE = YES_ERROR;
				GCC_WARN_UNDECLARED_SELECTOR = YES;
				GCC_WARN_UNINITIALIZED_AUTOS = YES_AGGRESSIVE;
				GCC_WARN_UNUSED_FUNCTION = YES;
				GCC_WARN_UNUSED_VARIABLE = YES;
				IPHONEOS_DEPLOYMENT_TARGET = 12.1;
				MTL_ENABLE_DEBUG_INFO = NO;
				MTL_FAST_MATH = YES;
				SDKROOT = iphoneos;
				SWIFT_COMPILATION_MODE = wholemodule;
				SWIFT_OPTIMIZATION_LEVEL = "-O";
				VALIDATE_PRODUCT = YES;
				VERSIONING_SYSTEM = "apple-generic";
				VERSION_INFO_PREFIX = "";
			};
			name = Release;
		};
		A22F6FB121C97978004076C7 /* Debug */ = {
			isa = XCBuildConfiguration;
			baseConfigurationReference = C1B20CB36A6A9659D16395E0 /* Pods-MapPin.debug.xcconfig */;
			buildSettings = {
				CLANG_ENABLE_MODULES = YES;
				CODE_SIGN_IDENTITY = "";
				CODE_SIGN_STYLE = Automatic;
				DEFINES_MODULE = YES;
				DEVELOPMENT_TEAM = H4V3747L77;
				DYLIB_COMPATIBILITY_VERSION = 1;
				DYLIB_CURRENT_VERSION = 1;
				DYLIB_INSTALL_NAME_BASE = "@rpath";
				INFOPLIST_FILE = MapPin/Info.plist;
				INSTALL_PATH = "$(LOCAL_LIBRARY_DIR)/Frameworks";
				LD_RUNPATH_SEARCH_PATHS = (
					"$(inherited)",
					"@executable_path/Frameworks",
					"@loader_path/Frameworks",
				);
				PRODUCT_BUNDLE_IDENTIFIER = org.cocoapods.MapPin;
				PRODUCT_NAME = "$(TARGET_NAME:c99extidentifier)";
				SKIP_INSTALL = YES;
				SWIFT_OPTIMIZATION_LEVEL = "-Onone";
				SWIFT_VERSION = 4.2;
				TARGETED_DEVICE_FAMILY = "1,2";
			};
			name = Debug;
		};
		A22F6FB221C97978004076C7 /* Release */ = {
			isa = XCBuildConfiguration;
			baseConfigurationReference = BC60A4D42BD91A3AF0396F6A /* Pods-MapPin.release.xcconfig */;
			buildSettings = {
				CLANG_ENABLE_MODULES = YES;
				CODE_SIGN_IDENTITY = "";
				CODE_SIGN_STYLE = Automatic;
				DEFINES_MODULE = YES;
				DEVELOPMENT_TEAM = H4V3747L77;
				DYLIB_COMPATIBILITY_VERSION = 1;
				DYLIB_CURRENT_VERSION = 1;
				DYLIB_INSTALL_NAME_BASE = "@rpath";
				INFOPLIST_FILE = MapPin/Info.plist;
				INSTALL_PATH = "$(LOCAL_LIBRARY_DIR)/Frameworks";
				LD_RUNPATH_SEARCH_PATHS = (
					"$(inherited)",
					"@executable_path/Frameworks",
					"@loader_path/Frameworks",
				);
				PRODUCT_BUNDLE_IDENTIFIER = org.cocoapods.MapPin;
				PRODUCT_NAME = "$(TARGET_NAME:c99extidentifier)";
				SKIP_INSTALL = YES;
				SWIFT_VERSION = 4.2;
				TARGETED_DEVICE_FAMILY = "1,2";
			};
			name = Release;
		};
		A22F6FB421C97978004076C7 /* Debug */ = {
			isa = XCBuildConfiguration;
			baseConfigurationReference = 74B77EE2867AECCC4F16865F /* Pods-MapPinTests.debug.xcconfig */;
			buildSettings = {
				ALWAYS_EMBED_SWIFT_STANDARD_LIBRARIES = YES;
				CLANG_ENABLE_MODULES = YES;
				CODE_SIGN_STYLE = Automatic;
				DEVELOPMENT_TEAM = H4V3747L77;
				INFOPLIST_FILE = MapPinTests/Info.plist;
				LD_RUNPATH_SEARCH_PATHS = (
					"$(inherited)",
					"@executable_path/Frameworks",
					"@loader_path/Frameworks",
				);
				PRODUCT_BUNDLE_IDENTIFIER = org.cocoapods.MapPinTests;
				PRODUCT_NAME = "$(TARGET_NAME)";
				SWIFT_OPTIMIZATION_LEVEL = "-Onone";
				SWIFT_VERSION = 4.2;
				TARGETED_DEVICE_FAMILY = "1,2";
			};
			name = Debug;
		};
		A22F6FB521C97978004076C7 /* Release */ = {
			isa = XCBuildConfiguration;
			baseConfigurationReference = E30A1FE58A42651799CBC412 /* Pods-MapPinTests.release.xcconfig */;
			buildSettings = {
				ALWAYS_EMBED_SWIFT_STANDARD_LIBRARIES = YES;
				CLANG_ENABLE_MODULES = YES;
				CODE_SIGN_STYLE = Automatic;
				DEVELOPMENT_TEAM = H4V3747L77;
				INFOPLIST_FILE = MapPinTests/Info.plist;
				LD_RUNPATH_SEARCH_PATHS = (
					"$(inherited)",
					"@executable_path/Frameworks",
					"@loader_path/Frameworks",
				);
				PRODUCT_BUNDLE_IDENTIFIER = org.cocoapods.MapPinTests;
				PRODUCT_NAME = "$(TARGET_NAME)";
				SWIFT_VERSION = 4.2;
				TARGETED_DEVICE_FAMILY = "1,2";
			};
			name = Release;
		};
/* End XCBuildConfiguration section */

/* Begin XCConfigurationList section */
		A22F6F9621C97978004076C7 /* Build configuration list for PBXProject "MapPin" */ = {
			isa = XCConfigurationList;
			buildConfigurations = (
				A22F6FAE21C97978004076C7 /* Debug */,
				A22F6FAF21C97978004076C7 /* Release */,
			);
			defaultConfigurationIsVisible = 0;
			defaultConfigurationName = Release;
		};
		A22F6FB021C97978004076C7 /* Build configuration list for PBXNativeTarget "MapPin" */ = {
			isa = XCConfigurationList;
			buildConfigurations = (
				A22F6FB121C97978004076C7 /* Debug */,
				A22F6FB221C97978004076C7 /* Release */,
			);
			defaultConfigurationIsVisible = 0;
			defaultConfigurationName = Release;
		};
		A22F6FB321C97978004076C7 /* Build configuration list for PBXNativeTarget "MapPinTests" */ = {
			isa = XCConfigurationList;
			buildConfigurations = (
				A22F6FB421C97978004076C7 /* Debug */,
				A22F6FB521C97978004076C7 /* Release */,
			);
			defaultConfigurationIsVisible = 0;
			defaultConfigurationName = Release;
		};
/* End XCConfigurationList section */
	};
	rootObject = A22F6F9321C97978004076C7 /* Project object */;
}
